PODS:
  - FlutterMacOS (1.0.0)
  - libdeno_plugin (0.0.1):
    - FlutterMacOS

DEPENDENCIES:
  - FlutterMacOS (from `Flutter/ephemeral`)
  - libdeno_plugin (from `Flutter/ephemeral/.symlinks/plugins/libdeno_plugin/macos`)

EXTERNAL SOURCES:
  FlutterMacOS:
    :path: Flutter/ephemeral
  libdeno_plugin:
    :path: Flutter/ephemeral/.symlinks/plugins/libdeno_plugin/macos

SPEC CHECKSUMS:
  FlutterMacOS: ae6af50a8ea7d6103d888583d46bd8328a7e9811
  libdeno_plugin: 220f9deb4dfe4065e845db51e1262cf3f31a4440

PODFILE CHECKSUM: 0d3963a09fc94f580682bd88480486da345dc3f0

COCOAPODS: 1.12.1
