PODS:
  - FlutterMacOS (1.0.0)
  - libdeno_plugin (0.0.1):
    - FlutterMacOS

DEPENDENCIES:
  - FlutterMacOS (from `Flutter/ephemeral`)
  - libdeno_plugin (from `Flutter/ephemeral/.symlinks/plugins/libdeno_plugin/macos`)

EXTERNAL SOURCES:
  FlutterMacOS:
    :path: Flutter/ephemeral
  libdeno_plugin:
    :path: Flutter/ephemeral/.symlinks/plugins/libdeno_plugin/macos

SPEC CHECKSUMS:
  FlutterMacOS: 57701585bf7de1b3fc2bb61f6378d73bbdea8424
  libdeno_plugin: 22b89487306e0af979d0be796d05c0d0b03cac4e

PODFILE CHECKSUM: 6eac6b3292e5142cfc23bdeb71848a40ec51c14c

COCOAPODS: 1.11.3
